
Microsoft Visual Studio Solution File, Format Version 12.00
# Visual Studio Version 17
VisualStudioVersion = 17.12.35707.178
MinimumVisualStudioVersion = 10.0.40219.1
Project("{FAE04EC0-301F-11D3-BF4B-00C04F79EFBC}") = "DoctorAppointmentBooking.Api", "DoctorAppointmentBooking.Api\DoctorAppointmentBooking.Api.csproj", "{94CA7795-9877-46D5-9179-F4B5687AD401}"
EndProject
Project("{2150E333-8FDC-42A3-9474-1A3956D46DE8}") = "DoctorAvailability", "DoctorAvailability", "{5EE9B82C-D5EE-4AF2-B1C6-2DC34EBB357E}"
EndProject
Project("{FAE04EC0-301F-11D3-BF4B-00C04F79EFBC}") = "DoctorAvailability.Shared", "Modules\DoctorAvailability\DoctorAvailability.Shared\DoctorAvailability.Shared.csproj", "{5938462C-6488-408D-A5E7-B98209068C7C}"
EndProject
Project("{FAE04EC0-301F-11D3-BF4B-00C04F79EFBC}") = "DoctorAvailability.Internal", "Modules\DoctorAvailability\Internal\DoctorAvailability.Internal\DoctorAvailability.Internal.csproj", "{CE78B586-BB24-499B-8A74-8D167B50E73F}"
EndProject
Project("{2150E333-8FDC-42A3-9474-1A3956D46DE8}") = "Internal", "Internal", "{A7A28F1C-3066-49FC-88B3-771C45E281F4}"
EndProject
Project("{2150E333-8FDC-42A3-9474-1A3956D46DE8}") = "Modules", "Modules", "{F3BCCA43-9DDD-4172-BEAA-5149DE17D2A3}"
EndProject
Project("{2150E333-8FDC-42A3-9474-1A3956D46DE8}") = "AppointmentBooking", "AppointmentBooking", "{023C2DCA-F690-4CA7-82AE-2FC8C974C942}"
EndProject
Project("{2150E333-8FDC-42A3-9474-1A3956D46DE8}") = "Internal", "Internal", "{D9FD6727-6EA4-4060-9EED-AA3D66B04A4E}"
EndProject
Project("{FAE04EC0-301F-11D3-BF4B-00C04F79EFBC}") = "AppointmentBooking.Shared", "Modules\AppointmentBooking\AppointmentBooking.Shared\AppointmentBooking.Shared.csproj", "{E3C4FD50-6B6A-4E06-94EC-689D679BA17A}"
EndProject
Project("{FAE04EC0-301F-11D3-BF4B-00C04F79EFBC}") = "AppointmentBooking.Domain", "Modules\AppointmentBooking\Internal\AppointmentBooking.Domain\AppointmentBooking.Domain.csproj", "{95C7F88D-E9F9-4286-A53C-C67A7629E552}"
EndProject
Project("{FAE04EC0-301F-11D3-BF4B-00C04F79EFBC}") = "AppointmentBooking.Application", "Modules\AppointmentBooking\Internal\AppointmentBooking.Application\AppointmentBooking.Application.csproj", "{EB021A8D-D68B-48D9-9FE2-DAC4E9388F39}"
EndProject
Project("{FAE04EC0-301F-11D3-BF4B-00C04F79EFBC}") = "AppointmentBooking.Infrastructure", "Modules\AppointmentBooking\Internal\AppointmentBooking.Infrastructure\AppointmentBooking.Infrastructure.csproj", "{A5B41752-A197-481E-8115-4FCCCECD044B}"
EndProject
Project("{2150E333-8FDC-42A3-9474-1A3956D46DE8}") = "Shared", "Shared", "{B49B7E33-B3A1-4BD7-A58C-7F88C7292307}"
EndProject
Project("{FAE04EC0-301F-11D3-BF4B-00C04F79EFBC}") = "Shared", "Shared\Shared.csproj", "{85A1FD36-3C74-4DF5-A5A1-F150251403F4}"
EndProject
Global
	GlobalSection(SolutionConfigurationPlatforms) = preSolution
		Debug|Any CPU = Debug|Any CPU
		Release|Any CPU = Release|Any CPU
	EndGlobalSection
	GlobalSection(ProjectConfigurationPlatforms) = postSolution
		{94CA7795-9877-46D5-9179-F4B5687AD401}.Debug|Any CPU.ActiveCfg = Debug|Any CPU
		{94CA7795-9877-46D5-9179-F4B5687AD401}.Debug|Any CPU.Build.0 = Debug|Any CPU
		{94CA7795-9877-46D5-9179-F4B5687AD401}.Release|Any CPU.ActiveCfg = Release|Any CPU
		{94CA7795-9877-46D5-9179-F4B5687AD401}.Release|Any CPU.Build.0 = Release|Any CPU
		{5938462C-6488-408D-A5E7-B98209068C7C}.Debug|Any CPU.ActiveCfg = Debug|Any CPU
		{5938462C-6488-408D-A5E7-B98209068C7C}.Debug|Any CPU.Build.0 = Debug|Any CPU
		{5938462C-6488-408D-A5E7-B98209068C7C}.Release|Any CPU.ActiveCfg = Release|Any CPU
		{5938462C-6488-408D-A5E7-B98209068C7C}.Release|Any CPU.Build.0 = Release|Any CPU
		{CE78B586-BB24-499B-8A74-8D167B50E73F}.Debug|Any CPU.ActiveCfg = Debug|Any CPU
		{CE78B586-BB24-499B-8A74-8D167B50E73F}.Debug|Any CPU.Build.0 = Debug|Any CPU
		{CE78B586-BB24-499B-8A74-8D167B50E73F}.Release|Any CPU.ActiveCfg = Release|Any CPU
		{CE78B586-BB24-499B-8A74-8D167B50E73F}.Release|Any CPU.Build.0 = Release|Any CPU
		{E3C4FD50-6B6A-4E06-94EC-689D679BA17A}.Debug|Any CPU.ActiveCfg = Debug|Any CPU
		{E3C4FD50-6B6A-4E06-94EC-689D679BA17A}.Debug|Any CPU.Build.0 = Debug|Any CPU
		{E3C4FD50-6B6A-4E06-94EC-689D679BA17A}.Release|Any CPU.ActiveCfg = Release|Any CPU
		{E3C4FD50-6B6A-4E06-94EC-689D679BA17A}.Release|Any CPU.Build.0 = Release|Any CPU
		{95C7F88D-E9F9-4286-A53C-C67A7629E552}.Debug|Any CPU.ActiveCfg = Debug|Any CPU
		{95C7F88D-E9F9-4286-A53C-C67A7629E552}.Debug|Any CPU.Build.0 = Debug|Any CPU
		{95C7F88D-E9F9-4286-A53C-C67A7629E552}.Release|Any CPU.ActiveCfg = Release|Any CPU
		{95C7F88D-E9F9-4286-A53C-C67A7629E552}.Release|Any CPU.Build.0 = Release|Any CPU
		{EB021A8D-D68B-48D9-9FE2-DAC4E9388F39}.Debug|Any CPU.ActiveCfg = Debug|Any CPU
		{EB021A8D-D68B-48D9-9FE2-DAC4E9388F39}.Debug|Any CPU.Build.0 = Debug|Any CPU
		{EB021A8D-D68B-48D9-9FE2-DAC4E9388F39}.Release|Any CPU.ActiveCfg = Release|Any CPU
		{EB021A8D-D68B-48D9-9FE2-DAC4E9388F39}.Release|Any CPU.Build.0 = Release|Any CPU
		{A5B41752-A197-481E-8115-4FCCCECD044B}.Debug|Any CPU.ActiveCfg = Debug|Any CPU
		{A5B41752-A197-481E-8115-4FCCCECD044B}.Debug|Any CPU.Build.0 = Debug|Any CPU
		{A5B41752-A197-481E-8115-4FCCCECD044B}.Release|Any CPU.ActiveCfg = Release|Any CPU
		{A5B41752-A197-481E-8115-4FCCCECD044B}.Release|Any CPU.Build.0 = Release|Any CPU
		{85A1FD36-3C74-4DF5-A5A1-F150251403F4}.Debug|Any CPU.ActiveCfg = Debug|Any CPU
		{85A1FD36-3C74-4DF5-A5A1-F150251403F4}.Debug|Any CPU.Build.0 = Debug|Any CPU
		{85A1FD36-3C74-4DF5-A5A1-F150251403F4}.Release|Any CPU.ActiveCfg = Release|Any CPU
		{85A1FD36-3C74-4DF5-A5A1-F150251403F4}.Release|Any CPU.Build.0 = Release|Any CPU
	EndGlobalSection
	GlobalSection(SolutionProperties) = preSolution
		HideSolutionNode = FALSE
	EndGlobalSection
	GlobalSection(NestedProjects) = preSolution
		{5EE9B82C-D5EE-4AF2-B1C6-2DC34EBB357E} = {F3BCCA43-9DDD-4172-BEAA-5149DE17D2A3}
		{5938462C-6488-408D-A5E7-B98209068C7C} = {5EE9B82C-D5EE-4AF2-B1C6-2DC34EBB357E}
		{CE78B586-BB24-499B-8A74-8D167B50E73F} = {A7A28F1C-3066-49FC-88B3-771C45E281F4}
		{A7A28F1C-3066-49FC-88B3-771C45E281F4} = {5EE9B82C-D5EE-4AF2-B1C6-2DC34EBB357E}
		{023C2DCA-F690-4CA7-82AE-2FC8C974C942} = {F3BCCA43-9DDD-4172-BEAA-5149DE17D2A3}
		{D9FD6727-6EA4-4060-9EED-AA3D66B04A4E} = {023C2DCA-F690-4CA7-82AE-2FC8C974C942}
		{E3C4FD50-6B6A-4E06-94EC-689D679BA17A} = {023C2DCA-F690-4CA7-82AE-2FC8C974C942}
		{95C7F88D-E9F9-4286-A53C-C67A7629E552} = {D9FD6727-6EA4-4060-9EED-AA3D66B04A4E}
		{EB021A8D-D68B-48D9-9FE2-DAC4E9388F39} = {D9FD6727-6EA4-4060-9EED-AA3D66B04A4E}
		{A5B41752-A197-481E-8115-4FCCCECD044B} = {D9FD6727-6EA4-4060-9EED-AA3D66B04A4E}
		{B49B7E33-B3A1-4BD7-A58C-7F88C7292307} = {F3BCCA43-9DDD-4172-BEAA-5149DE17D2A3}
		{85A1FD36-3C74-4DF5-A5A1-F150251403F4} = {B49B7E33-B3A1-4BD7-A58C-7F88C7292307}
	EndGlobalSection
EndGlobal
